
Microsoft Visual Studio Solution File, Format Version 12.00
# Visual Studio Version 16
VisualStudioVersion = 16.6.30114.105
MinimumVisualStudioVersion = 10.0.40219.1
Project("{FAE04EC0-301F-11D3-BF4B-00C04F79EFBC}") = "API", "API\API.csproj", "{2871116E-E3C4-40D3-A637-C6452DB73758}"
EndProject
Project("{FAE04EC0-301F-11D3-BF4B-00C04F79EFBC}") = "Application", "Application\Application.csproj", "{97A53899-E68D-4676-B350-C89C556C3FD3}"
EndProject
Project("{FAE04EC0-301F-11D3-BF4B-00C04F79EFBC}") = "Domain", "Domain\Domain.csproj", "{5B1246D9-3DB7-46CE-A715-D81128072782}"
EndProject
Project("{FAE04EC0-301F-11D3-BF4B-00C04F79EFBC}") = "Persistence", "Persistence\Persistence.csproj", "{12450C22-00B5-49BB-9543-2FDE4E329D05}"
EndProject
Global
	GlobalSection(SolutionConfigurationPlatforms) = preSolution
		Debug|Any CPU = Debug|Any CPU
		Debug|x64 = Debug|x64
		Debug|x86 = Debug|x86
		Release|Any CPU = Release|Any CPU
		Release|x64 = Release|x64
		Release|x86 = Release|x86
	EndGlobalSection
	GlobalSection(SolutionProperties) = preSolution
		HideSolutionNode = FALSE
	EndGlobalSection
	GlobalSection(ProjectConfigurationPlatforms) = postSolution
		{2871116E-E3C4-40D3-A637-C6452DB73758}.Debug|Any CPU.ActiveCfg = Debug|Any CPU
		{2871116E-E3C4-40D3-A637-C6452DB73758}.Debug|Any CPU.Build.0 = Debug|Any CPU
		{2871116E-E3C4-40D3-A637-C6452DB73758}.Debug|x64.ActiveCfg = Debug|Any CPU
		{2871116E-E3C4-40D3-A637-C6452DB73758}.Debug|x64.Build.0 = Debug|Any CPU
		{2871116E-E3C4-40D3-A637-C6452DB73758}.Debug|x86.ActiveCfg = Debug|Any CPU
		{2871116E-E3C4-40D3-A637-C6452DB73758}.Debug|x86.Build.0 = Debug|Any CPU
		{2871116E-E3C4-40D3-A637-C6452DB73758}.Release|Any CPU.ActiveCfg = Release|Any CPU
		{2871116E-E3C4-40D3-A637-C6452DB73758}.Release|Any CPU.Build.0 = Release|Any CPU
		{2871116E-E3C4-40D3-A637-C6452DB73758}.Release|x64.ActiveCfg = Release|Any CPU
		{2871116E-E3C4-40D3-A637-C6452DB73758}.Release|x64.Build.0 = Release|Any CPU
		{2871116E-E3C4-40D3-A637-C6452DB73758}.Release|x86.ActiveCfg = Release|Any CPU
		{2871116E-E3C4-40D3-A637-C6452DB73758}.Release|x86.Build.0 = Release|Any CPU
		{97A53899-E68D-4676-B350-C89C556C3FD3}.Debug|Any CPU.ActiveCfg = Debug|Any CPU
		{97A53899-E68D-4676-B350-C89C556C3FD3}.Debug|Any CPU.Build.0 = Debug|Any CPU
		{97A53899-E68D-4676-B350-C89C556C3FD3}.Debug|x64.ActiveCfg = Debug|Any CPU
		{97A53899-E68D-4676-B350-C89C556C3FD3}.Debug|x64.Build.0 = Debug|Any CPU
		{97A53899-E68D-4676-B350-C89C556C3FD3}.Debug|x86.ActiveCfg = Debug|Any CPU
		{97A53899-E68D-4676-B350-C89C556C3FD3}.Debug|x86.Build.0 = Debug|Any CPU
		{97A53899-E68D-4676-B350-C89C556C3FD3}.Release|Any CPU.ActiveCfg = Release|Any CPU
		{97A53899-E68D-4676-B350-C89C556C3FD3}.Release|Any CPU.Build.0 = Release|Any CPU
		{97A53899-E68D-4676-B350-C89C556C3FD3}.Release|x64.ActiveCfg = Release|Any CPU
		{97A53899-E68D-4676-B350-C89C556C3FD3}.Release|x64.Build.0 = Release|Any CPU
		{97A53899-E68D-4676-B350-C89C556C3FD3}.Release|x86.ActiveCfg = Release|Any CPU
		{97A53899-E68D-4676-B350-C89C556C3FD3}.Release|x86.Build.0 = Release|Any CPU
		{5B1246D9-3DB7-46CE-A715-D81128072782}.Debug|Any CPU.ActiveCfg = Debug|Any CPU
		{5B1246D9-3DB7-46CE-A715-D81128072782}.Debug|Any CPU.Build.0 = Debug|Any CPU
		{5B1246D9-3DB7-46CE-A715-D81128072782}.Debug|x64.ActiveCfg = Debug|Any CPU
		{5B1246D9-3DB7-46CE-A715-D81128072782}.Debug|x64.Build.0 = Debug|Any CPU
		{5B1246D9-3DB7-46CE-A715-D81128072782}.Debug|x86.ActiveCfg = Debug|Any CPU
		{5B1246D9-3DB7-46CE-A715-D81128072782}.Debug|x86.Build.0 = Debug|Any CPU
		{5B1246D9-3DB7-46CE-A715-D81128072782}.Release|Any CPU.ActiveCfg = Release|Any CPU
		{5B1246D9-3DB7-46CE-A715-D81128072782}.Release|Any CPU.Build.0 = Release|Any CPU
		{5B1246D9-3DB7-46CE-A715-D81128072782}.Release|x64.ActiveCfg = Release|Any CPU
		{5B1246D9-3DB7-46CE-A715-D81128072782}.Release|x64.Build.0 = Release|Any CPU
		{5B1246D9-3DB7-46CE-A715-D81128072782}.Release|x86.ActiveCfg = Release|Any CPU
		{5B1246D9-3DB7-46CE-A715-D81128072782}.Release|x86.Build.0 = Release|Any CPU
		{12450C22-00B5-49BB-9543-2FDE4E329D05}.Debug|Any CPU.ActiveCfg = Debug|Any CPU
		{12450C22-00B5-49BB-9543-2FDE4E329D05}.Debug|Any CPU.Build.0 = Debug|Any CPU
		{12450C22-00B5-49BB-9543-2FDE4E329D05}.Debug|x64.ActiveCfg = Debug|Any CPU
		{12450C22-00B5-49BB-9543-2FDE4E329D05}.Debug|x64.Build.0 = Debug|Any CPU
		{12450C22-00B5-49BB-9543-2FDE4E329D05}.Debug|x86.ActiveCfg = Debug|Any CPU
		{12450C22-00B5-49BB-9543-2FDE4E329D05}.Debug|x86.Build.0 = Debug|Any CPU
		{12450C22-00B5-49BB-9543-2FDE4E329D05}.Release|Any CPU.ActiveCfg = Release|Any CPU
		{12450C22-00B5-49BB-9543-2FDE4E329D05}.Release|Any CPU.Build.0 = Release|Any CPU
		{12450C22-00B5-49BB-9543-2FDE4E329D05}.Release|x64.ActiveCfg = Release|Any CPU
		{12450C22-00B5-49BB-9543-2FDE4E329D05}.Release|x64.Build.0 = Release|Any CPU
		{12450C22-00B5-49BB-9543-2FDE4E329D05}.Release|x86.ActiveCfg = Release|Any CPU
		{12450C22-00B5-49BB-9543-2FDE4E329D05}.Release|x86.Build.0 = Release|Any CPU
	EndGlobalSection
EndGlobal
